<?xml version="1.0" encoding="utf-8"?>
<Project ToolsVersion="4.0" xmlns="http://schemas.microsoft.com/developer/msbuild/2003">
  <ItemGroup>
    <Filter Include="Headers">
      <UniqueIdentifier>{aa3fddb4-2d9f-4a9b-8068-e07515540a21}</UniqueIdentifier>
      <Extensions>h;hpp;hxx;hm;inl;fi;fd</Extensions>
    </Filter>
    <Filter Include="Headers\Windows">
      <UniqueIdentifier>{7426e4c5-28a9-4a7a-ba14-b83d513b0622}</UniqueIdentifier>
    </Filter>
    <Filter Include="Headers\AE">
      <UniqueIdentifier>{f7c41da0-5b50-47ef-8961-926953a600ad}</UniqueIdentifier>
    </Filter>
    <Filter Include="Resources">
      <UniqueIdentifier>{3587113d-d12f-4ded-951a-d813f2e25911}</UniqueIdentifier>
      <Extensions>ico;cur;bmp;dlg;rc2;rct;bin;cnt;rtf;gif;jpg;jpeg;jpe</Extensions>
    </Filter>
    <Filter Include="Source">
      <UniqueIdentifier>{826705d0-78bf-4635-a629-126012308f7f}</UniqueIdentifier>
    </Filter>
    <Filter Include="Source\AE">
      <UniqueIdentifier>{c3285af2-7ec5-406b-9618-80448f643eeb}</UniqueIdentifier>
    </Filter>
  </ItemGroup>
  <ItemGroup>
    <ClInclude Include="resource.h">
      <Filter>Headers\Windows</Filter>
    </ClInclude>
    <ClInclude Include="..\src\AetExport.h">
      <Filter>Headers</Filter>
    </ClInclude>
    <ClInclude Include="..\src\AetImport.h">
      <Filter>Headers</Filter>
    </ClInclude>
    <ClInclude Include="..\src\AetPlugin.h">
      <Filter>Headers</Filter>
    </ClInclude>
    <ClInclude Include="..\src\AEUtil.h">
      <Filter>Headers</Filter>
    </ClInclude>
    <ClInclude Include="..\src\AfterEffectsSDK\Headers\AE_AdvEffectSuites.h">
      <Filter>Headers\AE</Filter>
    </ClInclude>
    <ClInclude Include="..\src\AfterEffectsSDK\Headers\A.h">
      <Filter>Headers\AE</Filter>
    </ClInclude>
    <ClInclude Include="..\src\AfterEffectsSDK\Headers\AE_EffectCB.h">
      <Filter>Headers\AE</Filter>
    </ClInclude>
    <ClInclude Include="..\src\AfterEffectsSDK\Headers\AE_EffectCBSuites.h">
      <Filter>Headers\AE</Filter>
    </ClInclude>
    <ClInclude Include="..\src\AfterEffectsSDK\Headers\AE_Effect.h">
      <Filter>Headers\AE</Filter>
    </ClInclude>
    <ClInclude Include="..\src\AfterEffectsSDK\Headers\AE_EffectSuites.h">
      <Filter>Headers\AE</Filter>
    </ClInclude>
    <ClInclude Include="..\src\AfterEffectsSDK\Headers\AE_EffectSuitesHelper.h">
      <Filter>Headers\AE</Filter>
    </ClInclude>
    <ClInclude Include="..\src\AfterEffectsSDK\Headers\AE_EffectUI.h">
      <Filter>Headers\AE</Filter>
    </ClInclude>
    <ClInclude Include="..\src\AfterEffectsSDK\Headers\AE_GeneralPlug.h">
      <Filter>Headers\AE</Filter>
    </ClInclude>
    <ClInclude Include="..\src\AfterEffectsSDK\Headers\AE_GeneralPlugOld.h">
      <Filter>Headers\AE</Filter>
    </ClInclude>
    <ClInclude Include="..\src\AfterEffectsSDK\Headers\AE_Hook.h">
      <Filter>Headers\AE</Filter>
    </ClInclude>
    <ClInclude Include="..\src\AfterEffectsSDK\Headers\AE_IO.h">
      <Filter>Headers\AE</Filter>
    </ClInclude>
    <ClInclude Include="..\src\AfterEffectsSDK\Headers\AE_Macros.h">
      <Filter>Headers\AE</Filter>
    </ClInclude>
    <ClInclude Include="..\src\AfterEffectsSDK\Headers\AEConfig.h">
      <Filter>Headers\AE</Filter>
    </ClInclude>
    <ClInclude Include="..\src\AfterEffectsSDK\Headers\PT_Public.h">
      <Filter>Headers\AE</Filter>
    </ClInclude>
    <ClInclude Include="..\src\AfterEffectsSDK\Util\entry.h">
      <Filter>Headers\AE</Filter>
    </ClInclude>
    <ClInclude Include="..\src\AfterEffectsSDK\Headers\FIEL_Public.h">
      <Filter>Headers\AE</Filter>
    </ClInclude>
    <ClInclude Include="..\src\AfterEffectsSDK\Headers\PF_Masks.h">
      <Filter>Headers\AE</Filter>
    </ClInclude>
    <ClInclude Include="..\src\AfterEffectsSDK\Util\AEGP_SuiteHandler.h">
      <Filter>Headers\AE</Filter>
    </ClInclude>
    <ClInclude Include="..\src\FormatUtil.h">
      <Filter>Headers</Filter>
    </ClInclude>
    <ClInclude Include="..\src\CommentUtil.h">
      <Filter>Headers</Filter>
    </ClInclude>
    <ClInclude Include="..\src\StreamUtil.h">
      <Filter>Headers</Filter>
    </ClInclude>
    <ClInclude Include="..\src\AetExtraData.h">
      <Filter>Headers</Filter>
    </ClInclude>
  </ItemGroup>
  <ItemGroup>
    <ResourceCompile Include="AetPlugin_PiPL.rc">
      <Filter>Resources</Filter>
    </ResourceCompile>
  </ItemGroup>
  <ItemGroup>
    <ClCompile Include="..\src\AetExport.cpp">
      <Filter>Source</Filter>
    </ClCompile>
    <ClCompile Include="..\src\AetImport.cpp">
      <Filter>Source</Filter>
    </ClCompile>
    <ClCompile Include="..\src\AetPlugin.cpp">
      <Filter>Source</Filter>
    </ClCompile>
    <ClCompile Include="..\src\AfterEffectsSDK\Util\AEGP_SuiteHandler.cpp">
      <Filter>Source\AE</Filter>
    </ClCompile>
    <ClCompile Include="..\src\AfterEffectsSDK\Util\MissingSuiteError.cpp">
      <Filter>Source\AE</Filter>
    </ClCompile>
  </ItemGroup>
  <ItemGroup>
    <CustomBuild Include="..\AetPlugin_PiPL.r">
      <Filter>Resources</Filter>
    </CustomBuild>
  </ItemGroup>
</Project>